
Microsoft Visual Studio Solution File, Format Version 12.00
# Visual Studio Version 16
VisualStudioVersion = 16.0.32228.343
MinimumVisualStudioVersion = 10.0.40219.1
Project("{FAE04EC0-301F-11D3-BF4B-00C04F79EFBC}") = "AspIdentity", "AspIdentity\AspIdentity.csproj", "{8EBFEB1F-E64D-45FC-AAD9-D1FD0F131C7F}"
EndProject
Global
	GlobalSection(SolutionConfigurationPlatforms) = preSolution
		Debug|Any CPU = Debug|Any CPU
		Release|Any CPU = Release|Any CPU
	EndGlobalSection
	GlobalSection(ProjectConfigurationPlatforms) = postSolution
		{8EBFEB1F-E64D-45FC-AAD9-D1FD0F131C7F}.Debug|Any CPU.ActiveCfg = Debug|Any CPU
		{8EBFEB1F-E64D-45FC-AAD9-D1FD0F131C7F}.Debug|Any CPU.Build.0 = Debug|Any CPU
		{8EBFEB1F-E64D-45FC-AAD9-D1FD0F131C7F}.Release|Any CPU.ActiveCfg = Release|Any CPU
		{8EBFEB1F-E64D-45FC-AAD9-D1FD0F131C7F}.Release|Any CPU.Build.0 = Release|Any CPU
	EndGlobalSection
	GlobalSection(SolutionProperties) = preSolution
		HideSolutionNode = FALSE
	EndGlobalSection
	GlobalSection(ExtensibilityGlobals) = postSolution
		SolutionGuid = {B0D1A639-A778-4465-94D9-CF0D69611450}
	EndGlobalSection
EndGlobal
